// !$*UTF8*$!
{
	archiveVersion = 1;
	classes = {
	};
	objectVersion = 55;
	objects = {

/* Begin PBXBuildFile section */
		DE1563E32848ECA500C1B507 /* AppDelegate.swift in Sources */ = {isa = PBXBuildFile; fileRef = DE1563E22848ECA500C1B507 /* AppDelegate.swift */; };
		DE1563E52848ECA500C1B507 /* SceneDelegate.swift in Sources */ = {isa = PBXBuildFile; fileRef = DE1563E42848ECA500C1B507 /* SceneDelegate.swift */; };
		DE1563EC2848ECA800C1B507 /* Assets.xcassets in Resources */ = {isa = PBXBuildFile; fileRef = DE1563EB2848ECA800C1B507 /* Assets.xcassets */; };
		DE1563EF2848ECA800C1B507 /* LaunchScreen.storyboard in Resources */ = {isa = PBXBuildFile; fileRef = DE1563ED2848ECA800C1B507 /* LaunchScreen.storyboard */; };
		DE1563F82848EE5500C1B507 /* Constants.swift in Sources */ = {isa = PBXBuildFile; fileRef = DE1563F72848EE5500C1B507 /* Constants.swift */; };
		DE1563FB2848EE8700C1B507 /* Webservice.swift in Sources */ = {isa = PBXBuildFile; fileRef = DE1563FA2848EE8700C1B507 /* Webservice.swift */; };
		DE1563FE2848F92300C1B507 /* Stock.swift in Sources */ = {isa = PBXBuildFile; fileRef = DE1563FD2848F92300C1B507 /* Stock.swift */; };
		DE1564012848FA1000C1B507 /* StockListViewModel.swift in Sources */ = {isa = PBXBuildFile; fileRef = DE1564002848FA1000C1B507 /* StockListViewModel.swift */; };
		DE1564042848FB5400C1B507 /* StockListViewController.swift in Sources */ = {isa = PBXBuildFile; fileRef = DE1564032848FB5400C1B507 /* StockListViewController.swift */; };
		DE1564072848FE5300C1B507 /* StockCell.swift in Sources */ = {isa = PBXBuildFile; fileRef = DE1564062848FE5300C1B507 /* StockCell.swift */; };
		DE15640A2849051400C1B507 /* Double+Extensions.swift in Sources */ = {isa = PBXBuildFile; fileRef = DE1564092849051400C1B507 /* Double+Extensions.swift */; };
/* End PBXBuildFile section */

/* Begin PBXFileReference section */
		DE1563DF2848ECA500C1B507 /* StocksAppWithUIKit.app */ = {isa = PBXFileReference; explicitFileType = wrapper.application; includeInIndex = 0; path = StocksAppWithUIKit.app; sourceTree = BUILT_PRODUCTS_DIR; };
		DE1563E22848ECA500C1B507 /* AppDelegate.swift */ = {isa = PBXFileReference; lastKnownFileType = sourcecode.swift; path = AppDelegate.swift; sourceTree = "<group>"; };
		DE1563E42848ECA500C1B507 /* SceneDelegate.swift */ = {isa = PBXFileReference; lastKnownFileType = sourcecode.swift; path = SceneDelegate.swift; sourceTree = "<group>"; };
		DE1563EB2848ECA800C1B507 /* Assets.xcassets */ = {isa = PBXFileReference; lastKnownFileType = folder.assetcatalog; path = Assets.xcassets; sourceTree = "<group>"; };
		DE1563EE2848ECA800C1B507 /* Base */ = {isa = PBXFileReference; lastKnownFileType = file.storyboard; name = Base; path = Base.lproj/LaunchScreen.storyboard; sourceTree = "<group>"; };
		DE1563F02848ECA800C1B507 /* Info.plist */ = {isa = PBXFileReference; lastKnownFileType = text.plist.xml; path = Info.plist; sourceTree = "<group>"; };
		DE1563F72848EE5500C1B507 /* Constants.swift */ = {isa = PBXFileReference; lastKnownFileType = sourcecode.swift; path = Constants.swift; sourceTree = "<group>"; };
		DE1563FA2848EE8700C1B507 /* Webservice.swift */ = {isa = PBXFileReference; lastKnownFileType = sourcecode.swift; path = Webservice.swift; sourceTree = "<group>"; };
		DE1563FD2848F92300C1B507 /* Stock.swift */ = {isa = PBXFileReference; lastKnownFileType = sourcecode.swift; path = Stock.swift; sourceTree = "<group>"; };
		DE1564002848FA1000C1B507 /* StockListViewModel.swift */ = {isa = PBXFileReference; lastKnownFileType = sourcecode.swift; path = StockListViewModel.swift; sourceTree = "<group>"; };
		DE1564032848FB5400C1B507 /* StockListViewController.swift */ = {isa = PBXFileReference; lastKnownFileType = sourcecode.swift; path = StockListViewController.swift; sourceTree = "<group>"; };
		DE1564062848FE5300C1B507 /* StockCell.swift */ = {isa = PBXFileReference; lastKnownFileType = sourcecode.swift; path = StockCell.swift; sourceTree = "<group>"; };
		DE1564092849051400C1B507 /* Double+Extensions.swift */ = {isa = PBXFileReference; lastKnownFileType = sourcecode.swift; path = "Double+Extensions.swift"; sourceTree = "<group>"; };
/* End PBXFileReference section */

/* Begin PBXFrameworksBuildPhase section */
		DE1563DC2848ECA500C1B507 /* Frameworks */ = {
			isa = PBXFrameworksBuildPhase;
			buildActionMask = 2147483647;
			files = (
			);
			runOnlyForDeploymentPostprocessing = 0;
		};
/* End PBXFrameworksBuildPhase section */

/* Begin PBXGroup section */
		DE1563D62848ECA500C1B507 = {
			isa = PBXGroup;
			children = (
				DE1563E12848ECA500C1B507 /* StocksAppWithUIKit */,
				DE1563E02848ECA500C1B507 /* Products */,
			);
			sourceTree = "<group>";
		};
		DE1563E02848ECA500C1B507 /* Products */ = {
			isa = PBXGroup;
			children = (
				DE1563DF2848ECA500C1B507 /* StocksAppWithUIKit.app */,
			);
			name = Products;
			sourceTree = "<group>";
		};
		DE1563E12848ECA500C1B507 /* StocksAppWithUIKit */ = {
			isa = PBXGroup;
			children = (
				DE1564082849050600C1B507 /* Extensions */,
				DE1564052848FE4A00C1B507 /* Cells */,
				DE1564022848FB4200C1B507 /* Controllers */,
				DE1563FF2848F9DD00C1B507 /* View Models */,
				DE1563FC2848F91A00C1B507 /* Models */,
				DE1563F92848EE7C00C1B507 /* Services */,
				DE1563F62848EE4A00C1B507 /* Utils */,
				DE1563E22848ECA500C1B507 /* AppDelegate.swift */,
				DE1563E42848ECA500C1B507 /* SceneDelegate.swift */,
				DE1563EB2848ECA800C1B507 /* Assets.xcassets */,
				DE1563ED2848ECA800C1B507 /* LaunchScreen.storyboard */,
				DE1563F02848ECA800C1B507 /* Info.plist */,
			);
			path = StocksAppWithUIKit;
			sourceTree = "<group>";
		};
		DE1563F62848EE4A00C1B507 /* Utils */ = {
			isa = PBXGroup;
			children = (
				DE1563F72848EE5500C1B507 /* Constants.swift */,
			);
			path = Utils;
			sourceTree = "<group>";
		};
		DE1563F92848EE7C00C1B507 /* Services */ = {
			isa = PBXGroup;
			children = (
				DE1563FA2848EE8700C1B507 /* Webservice.swift */,
			);
			path = Services;
			sourceTree = "<group>";
		};
		DE1563FC2848F91A00C1B507 /* Models */ = {
			isa = PBXGroup;
			children = (
				DE1563FD2848F92300C1B507 /* Stock.swift */,
			);
			path = Models;
			sourceTree = "<group>";
		};
		DE1563FF2848F9DD00C1B507 /* View Models */ = {
			isa = PBXGroup;
			children = (
				DE1564002848FA1000C1B507 /* StockListViewModel.swift */,
			);
			path = "View Models";
			sourceTree = "<group>";
		};
		DE1564022848FB4200C1B507 /* Controllers */ = {
			isa = PBXGroup;
			children = (
				DE1564032848FB5400C1B507 /* StockListViewController.swift */,
			);
			path = Controllers;
			sourceTree = "<group>";
		};
		DE1564052848FE4A00C1B507 /* Cells */ = {
			isa = PBXGroup;
			children = (
				DE1564062848FE5300C1B507 /* StockCell.swift */,
			);
			path = Cells;
			sourceTree = "<group>";
		};
		DE1564082849050600C1B507 /* Extensions */ = {
			isa = PBXGroup;
			children = (
				DE1564092849051400C1B507 /* Double+Extensions.swift */,
			);
			path = Extensions;
			sourceTree = "<group>";
		};
/* End PBXGroup section */

/* Begin PBXNativeTarget section */
		DE1563DE2848ECA500C1B507 /* StocksAppWithUIKit */ = {
			isa = PBXNativeTarget;
			buildConfigurationList = DE1563F32848ECA800C1B507 /* Build configuration list for PBXNativeTarget "StocksAppWithUIKit" */;
			buildPhases = (
				DE1563DB2848ECA500C1B507 /* Sources */,
				DE1563DC2848ECA500C1B507 /* Frameworks */,
				DE1563DD2848ECA500C1B507 /* Resources */,
			);
			buildRules = (
			);
			dependencies = (
			);
			name = StocksAppWithUIKit;
			productName = StocksAppWithUIKit;
			productReference = DE1563DF2848ECA500C1B507 /* StocksAppWithUIKit.app */;
			productType = "com.apple.product-type.application";
		};
/* End PBXNativeTarget section */

/* Begin PBXProject section */
		DE1563D72848ECA500C1B507 /* Project object */ = {
			isa = PBXProject;
			attributes = {
				BuildIndependentTargetsInParallel = 1;
				LastSwiftUpdateCheck = 1320;
				LastUpgradeCheck = 1320;
				TargetAttributes = {
					DE1563DE2848ECA500C1B507 = {
						CreatedOnToolsVersion = 13.2.1;
					};
				};
			};
			buildConfigurationList = DE1563DA2848ECA500C1B507 /* Build configuration list for PBXProject "StocksAppWithUIKit" */;
			compatibilityVersion = "Xcode 13.0";
			developmentRegion = en;
			hasScannedForEncodings = 0;
			knownRegions = (
				en,
				Base,
			);
			mainGroup = DE1563D62848ECA500C1B507;
			productRefGroup = DE1563E02848ECA500C1B507 /* Products */;
			projectDirPath = "";
			projectRoot = "";
			targets = (
				DE1563DE2848ECA500C1B507 /* StocksAppWithUIKit */,
			);
		};
/* End PBXProject section */

/* Begin PBXResourcesBuildPhase section */
		DE1563DD2848ECA500C1B507 /* Resources */ = {
			isa = PBXResourcesBuildPhase;
			buildActionMask = 2147483647;
			files = (
				DE1563EF2848ECA800C1B507 /* LaunchScreen.storyboard in Resources */,
				DE1563EC2848ECA800C1B507 /* Assets.xcassets in Resources */,
			);
			runOnlyForDeploymentPostprocessing = 0;
		};
/* End PBXResourcesBuildPhase section */

/* Begin PBXSourcesBuildPhase section */
		DE1563DB2848ECA500C1B507 /* Sources */ = {
			isa = PBXSourcesBuildPhase;
			buildActionMask = 2147483647;
			files = (
				DE1564012848FA1000C1B507 /* StockListViewModel.swift in Sources */,
				DE1563E32848ECA500C1B507 /* AppDelegate.swift in Sources */,
				DE1563FE2848F92300C1B507 /* Stock.swift in Sources */,
				DE15640A2849051400C1B507 /* Double+Extensions.swift in Sources */,
				DE1563E52848ECA500C1B507 /* SceneDelegate.swift in Sources */,
				DE1563FB2848EE8700C1B507 /* Webservice.swift in Sources */,
				DE1563F82848EE5500C1B507 /* Constants.swift in Sources */,
				DE1564072848FE5300C1B507 /* StockCell.swift in Sources */,
				DE1564042848FB5400C1B507 /* StockListViewController.swift in Sources */,
			);
			runOnlyForDeploymentPostprocessing = 0;
		};
/* End PBXSourcesBuildPhase section */

/* Begin PBXVariantGroup section */
		DE1563ED2848ECA800C1B507 /* LaunchScreen.storyboard */ = {
			isa = PBXVariantGroup;
			children = (
				DE1563EE2848ECA800C1B507 /* Base */,
			);
			name = LaunchScreen.storyboard;
			sourceTree = "<group>";
		};
/* End PBXVariantGroup section */

/* Begin XCBuildConfiguration section */
		DE1563F12848ECA800C1B507 /* Debug */ = {
			isa = XCBuildConfiguration;
			buildSettings = {
				ALWAYS_SEARCH_USER_PATHS = NO;
				CLANG_ANALYZER_NONNULL = YES;
				CLANG_ANALYZER_NUMBER_OBJECT_CONVERSION = YES_AGGRESSIVE;
				CLANG_CXX_LANGUAGE_STANDARD = "gnu++17";
				CLANG_CXX_LIBRARY = "libc++";
				CLANG_ENABLE_MODULES = YES;
				CLANG_ENABLE_OBJC_ARC = YES;
				CLANG_ENABLE_OBJC_WEAK = YES;
				CLANG_WARN_BLOCK_CAPTURE_AUTORELEASING = YES;
				CLANG_WARN_BOOL_CONVERSION = YES;
				CLANG_WARN_COMMA = YES;
				CLANG_WARN_CONSTANT_CONVERSION = YES;
				CLANG_WARN_DEPRECATED_OBJC_IMPLEMENTATIONS = YES;
				CLANG_WARN_DIRECT_OBJC_ISA_USAGE = YES_ERROR;
				CLANG_WARN_DOCUMENTATION_COMMENTS = YES;
				CLANG_WARN_EMPTY_BODY = YES;
				CLANG_WARN_ENUM_CONVERSION = YES;
				CLANG_WARN_INFINITE_RECURSION = YES;
				CLANG_WARN_INT_CONVERSION = YES;
				CLANG_WARN_NON_LITERAL_NULL_CONVERSION = YES;
				CLANG_WARN_OBJC_IMPLICIT_RETAIN_SELF = YES;
				CLANG_WARN_OBJC_LITERAL_CONVERSION = YES;
				CLANG_WARN_OBJC_ROOT_CLASS = YES_ERROR;
				CLANG_WARN_QUOTED_INCLUDE_IN_FRAMEWORK_HEADER = YES;
				CLANG_WARN_RANGE_LOOP_ANALYSIS = YES;
				CLANG_WARN_STRICT_PROTOTYPES = YES;
				CLANG_WARN_SUSPICIOUS_MOVE = YES;
				CLANG_WARN_UNGUARDED_AVAILABILITY = YES_AGGRESSIVE;
				CLANG_WARN_UNREACHABLE_CODE = YES;
				CLANG_WARN__DUPLICATE_METHOD_MATCH = YES;
				COPY_PHASE_STRIP = NO;
				DEBUG_INFORMATION_FORMAT = dwarf;
				ENABLE_STRICT_OBJC_MSGSEND = YES;
				ENABLE_TESTABILITY = YES;
				GCC_C_LANGUAGE_STANDARD = gnu11;
				GCC_DYNAMIC_NO_PIC = NO;
				GCC_NO_COMMON_BLOCKS = YES;
				GCC_OPTIMIZATION_LEVEL = 0;
				GCC_PREPROCESSOR_DEFINITIONS = (
					"DEBUG=1",
					"$(inherited)",
				);
				GCC_WARN_64_TO_32_BIT_CONVERSION = YES;
				GCC_WARN_ABOUT_RETURN_TYPE = YES_ERROR;
				GCC_WARN_UNDECLARED_SELECTOR = YES;
				GCC_WARN_UNINITIALIZED_AUTOS = YES_AGGRESSIVE;
				GCC_WARN_UNUSED_FUNCTION = YES;
				GCC_WARN_UNUSED_VARIABLE = YES;
				IPHONEOS_DEPLOYMENT_TARGET = 15.2;
				MTL_ENABLE_DEBUG_INFO = INCLUDE_SOURCE;
				MTL_FAST_MATH = YES;
				ONLY_ACTIVE_ARCH = YES;
				SDKROOT = iphoneos;
				SWIFT_ACTIVE_COMPILATION_CONDITIONS = DEBUG;
				SWIFT_OPTIMIZATION_LEVEL = "-Onone";
			};
			name = Debug;
		};
		DE1563F22848ECA800C1B507 /* Release */ = {
			isa = XCBuildConfiguration;
			buildSettings = {
				ALWAYS_SEARCH_USER_PATHS = NO;
				CLANG_ANALYZER_NONNULL = YES;
				CLANG_ANALYZER_NUMBER_OBJECT_CONVERSION = YES_AGGRESSIVE;
				CLANG_CXX_LANGUAGE_STANDARD = "gnu++17";
				CLANG_CXX_LIBRARY = "libc++";
				CLANG_ENABLE_MODULES = YES;
				CLANG_ENABLE_OBJC_ARC = YES;
				CLANG_ENABLE_OBJC_WEAK = YES;
				CLANG_WARN_BLOCK_CAPTURE_AUTORELEASING = YES;
				CLANG_WARN_BOOL_CONVERSION = YES;
				CLANG_WARN_COMMA = YES;
				CLANG_WARN_CONSTANT_CONVERSION = YES;
				CLANG_WARN_DEPRECATED_OBJC_IMPLEMENTATIONS = YES;
				CLANG_WARN_DIRECT_OBJC_ISA_USAGE = YES_ERROR;
				CLANG_WARN_DOCUMENTATION_COMMENTS = YES;
				CLANG_WARN_EMPTY_BODY = YES;
				CLANG_WARN_ENUM_CONVERSION = YES;
				CLANG_WARN_INFINITE_RECURSION = YES;
				CLANG_WARN_INT_CONVERSION = YES;
				CLANG_WARN_NON_LITERAL_NULL_CONVERSION = YES;
				CLANG_WARN_OBJC_IMPLICIT_RETAIN_SELF = YES;
				CLANG_WARN_OBJC_LITERAL_CONVERSION = YES;
				CLANG_WARN_OBJC_ROOT_CLASS = YES_ERROR;
				CLANG_WARN_QUOTED_INCLUDE_IN_FRAMEWORK_HEADER = YES;
				CLANG_WARN_RANGE_LOOP_ANALYSIS = YES;
				CLANG_WARN_STRICT_PROTOTYPES = YES;
				CLANG_WARN_SUSPICIOUS_MOVE = YES;
				CLANG_WARN_UNGUARDED_AVAILABILITY = YES_AGGRESSIVE;
				CLANG_WARN_UNREACHABLE_CODE = YES;
				CLANG_WARN__DUPLICATE_METHOD_MATCH = YES;
				COPY_PHASE_STRIP = NO;
				DEBUG_INFORMATION_FORMAT = "dwarf-with-dsym";
				ENABLE_NS_ASSERTIONS = NO;
				ENABLE_STRICT_OBJC_MSGSEND = YES;
				GCC_C_LANGUAGE_STANDARD = gnu11;
				GCC_NO_COMMON_BLOCKS = YES;
				GCC_WARN_64_TO_32_BIT_CONVERSION = YES;
				GCC_WARN_ABOUT_RETURN_TYPE = YES_ERROR;
				GCC_WARN_UNDECLARED_SELECTOR = YES;
				GCC_WARN_UNINITIALIZED_AUTOS = YES_AGGRESSIVE;
				GCC_WARN_UNUSED_FUNCTION = YES;
				GCC_WARN_UNUSED_VARIABLE = YES;
				IPHONEOS_DEPLOYMENT_TARGET = 15.2;
				MTL_ENABLE_DEBUG_INFO = NO;
				MTL_FAST_MATH = YES;
				SDKROOT = iphoneos;
				SWIFT_COMPILATION_MODE = wholemodule;
				SWIFT_OPTIMIZATION_LEVEL = "-O";
				VALIDATE_PRODUCT = YES;
			};
			name = Release;
		};
		DE1563F42848ECA800C1B507 /* Debug */ = {
			isa = XCBuildConfiguration;
			buildSettings = {
				ASSETCATALOG_COMPILER_APPICON_NAME = AppIcon;
				ASSETCATALOG_COMPILER_GLOBAL_ACCENT_COLOR_NAME = AccentColor;
				CODE_SIGN_STYLE = Automatic;
				CURRENT_PROJECT_VERSION = 1;
				DEVELOPMENT_TEAM = 7CRNJ953YN;
				GENERATE_INFOPLIST_FILE = YES;
				INFOPLIST_FILE = StocksAppWithUIKit/Info.plist;
				INFOPLIST_KEY_UIApplicationSupportsIndirectInputEvents = YES;
				INFOPLIST_KEY_UILaunchStoryboardName = LaunchScreen;
				INFOPLIST_KEY_UISupportedInterfaceOrientations_iPad = "UIInterfaceOrientationPortrait UIInterfaceOrientationPortraitUpsideDown UIInterfaceOrientationLandscapeLeft UIInterfaceOrientationLandscapeRight";
				INFOPLIST_KEY_UISupportedInterfaceOrientations_iPhone = "UIInterfaceOrientationPortrait UIInterfaceOrientationLandscapeLeft UIInterfaceOrientationLandscapeRight";
				LD_RUNPATH_SEARCH_PATHS = (
					"$(inherited)",
					"@executable_path/Frameworks",
				);
				MARKETING_VERSION = 1.0;
				PRODUCT_BUNDLE_IDENTIFIER = com.omerKilicaslan.StocksAppWithUIKit;
				PRODUCT_NAME = "$(TARGET_NAME)";
				SWIFT_EMIT_LOC_STRINGS = YES;
				SWIFT_VERSION = 5.0;
				TARGETED_DEVICE_FAMILY = "1,2";
			};
			name = Debug;
		};
		DE1563F52848ECA800C1B507 /* Release */ = {
			isa = XCBuildConfiguration;
			buildSettings = {
				ASSETCATALOG_COMPILER_APPICON_NAME = AppIcon;
				ASSETCATALOG_COMPILER_GLOBAL_ACCENT_COLOR_NAME = AccentColor;
				CODE_SIGN_STYLE = Automatic;
				CURRENT_PROJECT_VERSION = 1;
				DEVELOPMENT_TEAM = 7CRNJ953YN;
				GENERATE_INFOPLIST_FILE = YES;
				INFOPLIST_FILE = StocksAppWithUIKit/Info.plist;
				INFOPLIST_KEY_UIApplicationSupportsIndirectInputEvents = YES;
				INFOPLIST_KEY_UILaunchStoryboardName = LaunchScreen;
				INFOPLIST_KEY_UISupportedInterfaceOrientations_iPad = "UIInterfaceOrientationPortrait UIInterfaceOrientationPortraitUpsideDown UIInterfaceOrientationLandscapeLeft UIInterfaceOrientationLandscapeRight";
				INFOPLIST_KEY_UISupportedInterfaceOrientations_iPhone = "UIInterfaceOrientationPortrait UIInterfaceOrientationLandscapeLeft UIInterfaceOrientationLandscapeRight";
				LD_RUNPATH_SEARCH_PATHS = (
					"$(inherited)",
					"@executable_path/Frameworks",
				);
				MARKETING_VERSION = 1.0;
				PRODUCT_BUNDLE_IDENTIFIER = com.omerKilicaslan.StocksAppWithUIKit;
				PRODUCT_NAME = "$(TARGET_NAME)";
				SWIFT_EMIT_LOC_STRINGS = YES;
				SWIFT_VERSION = 5.0;
				TARGETED_DEVICE_FAMILY = "1,2";
			};
			name = Release;
		};
/* End XCBuildConfiguration section */

/* Begin XCConfigurationList section */
		DE1563DA2848ECA500C1B507 /* Build configuration list for PBXProject "StocksAppWithUIKit" */ = {
			isa = XCConfigurationList;
			buildConfigurations = (
				DE1563F12848ECA800C1B507 /* Debug */,
				DE1563F22848ECA800C1B507 /* Release */,
			);
			defaultConfigurationIsVisible = 0;
			defaultConfigurationName = Release;
		};
		DE1563F32848ECA800C1B507 /* Build configuration list for PBXNativeTarget "StocksAppWithUIKit" */ = {
			isa = XCConfigurationList;
			buildConfigurations = (
				DE1563F42848ECA800C1B507 /* Debug */,
				DE1563F52848ECA800C1B507 /* Release */,
			);
			defaultConfigurationIsVisible = 0;
			defaultConfigurationName = Release;
		};
/* End XCConfigurationList section */
	};
	rootObject = DE1563D72848ECA500C1B507 /* Project object */;
}
